{
  "name": "dark-forest-engine",
  "lockfileVersion": 3,
  "requires": true,
  "packages": {
    "": {
      "name": "dark-forest-engine",
      "dependencies": {
        "alea": "^1.0.1",
        "poisson-disk-sampling": "^2.3.1",
        "recast-navigation": "^0.43.1",
        "simplex-noise": "^4.0.3",
        "three-pathfinding": "^1.3.0",
        "ws": "^8.18.0"
      }
    },
    "node_modules/@recast-navigation/core": {
      "version": "0.43.1",
      "resolved": "https://registry.npmjs.org/@recast-navigation/core/-/core-0.43.1.tgz",
      "integrity": "sha512-4igfPgnoV90O92sDSIA0xHa6tanh3z/udlgGmD0SqGQ6PKV4JS2l9jWO8YnxfZuXP/NV52H4c5FU6pSdZc9WDA==",
      "license": "MIT",
      "dependencies": {
        "@recast-navigation/wasm": "0.43.1"
      }
    },
    "node_modules/@recast-navigation/generators": {
      "version": "0.43.1",
      "resolved": "https://registry.npmjs.org/@recast-navigation/generators/-/generators-0.43.1.tgz",
      "integrity": "sha512-w7r6k/A93wWxuSN+Lg+PmlsUVXq06r5bqXmBglolxqDt2O/Y776BIhYtb6P2P6pbYqDWORu9NCZZJzfY4FNpaA==",
      "license": "MIT",
      "dependencies": {
        "@recast-navigation/core": "0.43.1",
        "@recast-navigation/wasm": "0.43.1"
      }
    },
    "node_modules/@recast-navigation/wasm": {
      "version": "0.43.1",
      "resolved": "https://registry.npmjs.org/@recast-navigation/wasm/-/wasm-0.43.1.tgz",
      "integrity": "sha512-XFL6PhO8JodwXUHBSAkfaLUdUEweIkJsdP3HTmtJvMs5fkqEWxWJmBskZlACHJepv55NAriqWxOtuLlG3t7+Hg==",
      "license": "MIT"
    },
    "node_modules/alea": {
      "version": "1.0.1",
      "resolved": "https://registry.npmjs.org/alea/-/alea-1.0.1.tgz",
      "integrity": "sha512-QU+wv+ziDXaMxRdsQg/aH7sVfWdhKps5YP97IIwFkHCsbDZA3k87JXoZ5/iuemf4ntytzIWeScrRpae8+lDrXA==",
      "license": "MIT"
    },
    "node_modules/moore": {
      "version": "1.0.0",
      "resolved": "https://registry.npmjs.org/moore/-/moore-1.0.0.tgz",
      "integrity": "sha512-xcsFo/jgtMuVaGePHod5TdSzxnRAQQ4wFpDmFuu34lHvx5sNMsioA84NW7iBWYZ10jHR/nyGaDkhunMJxqAzkw==",
      "license": "MIT"
    },
    "node_modules/poisson-disk-sampling": {
      "version": "2.3.1",
      "resolved": "https://registry.npmjs.org/poisson-disk-sampling/-/poisson-disk-sampling-2.3.1.tgz",
      "integrity": "sha512-O3TzHR8IA+Do5zC7EgPdHLOYOpUJ6DikiTwqRqXdSPUhx1ZqfeH6PqAD86KKi+8Nq8vnL2navErsgURKTe089w==",
      "license": "MIT",
      "dependencies": {
        "moore": "~1.0.0"
      }
    },
    "node_modules/recast-navigation": {
      "version": "0.43.1",
      "resolved": "https://registry.npmjs.org/recast-navigation/-/recast-navigation-0.43.1.tgz",
      "integrity": "sha512-BVBQEHE6uqD36opJomVkI5TxMVZ8bBLdDn90mYtBUYJnNlqEuNFOL8DH8lLOksfVVaC+kjykYuS57P6MrxVB7A==",
      "license": "MIT",
      "dependencies": {
        "@recast-navigation/core": "0.43.1",
        "@recast-navigation/generators": "0.43.1"
      }
    },
    "node_modules/simplex-noise": {
      "version": "4.0.3",
      "resolved": "https://registry.npmjs.org/simplex-noise/-/simplex-noise-4.0.3.tgz",
      "integrity": "sha512-qSE2I4AngLQG7BXqoZj51jokT4WUXe8mOBrvfOXpci8+6Yu44+/dD5zqDpOx3Ux792eamTd2lLcI8jqFntk/lg==",
      "license": "MIT"
    },
    "node_modules/three": {
      "version": "0.186.0",
      "resolved": "https://registry.npmjs.org/three/-/three-0.186.0.tgz",
      "integrity": "sha512-cr/fIM2ddMSVbYVgkfD4jLJv7Fh/8ZTjvo+7gQeSVGUZHxpx9FDwoL5iC7hUz/LiRA8wMbqfnb90xKfm1/HHkQ==",
      "license": "MIT",
      "peer": true
    },
    "node_modules/three-pathfinding": {
      "version": "1.3.0",
      "resolved": "https://registry.npmjs.org/three-pathfinding/-/three-pathfinding-1.3.0.tgz",
      "integrity": "sha512-LKxMI3/YqdMYvt6AdE2vB6s5ueDFczt/DWoxhtPNgRsH6E0D8LMYQxz+eIrmKo0MQpDvMVzXYUMBk+b86+k97w==",
      "license": "MIT",
      "peerDependencies": {
        "three": "0.x.x"
      }
    },
    "node_modules/ws": {
      "version": "8.21.3",
      "resolved": "https://registry.npmjs.org/ws/-/ws-8.21.3.tgz",
      "integrity": "sha512-201TZ/kPWxoPr/OKWjquZR1SWKXcvxdH+e1xrx89b3YbmzLMFCLfnaG1HFIgWzJOEWZ7MvpK++odZufgYR50Rw==",
      "license": "MIT",
      "engines": {
        "node": ">=10.0.0"
      },
      "peerDependencies": {
        "bufferutil": "^4.0.1",
        "utf-8-validate": ">=5.0.2"
      },
      "peerDependenciesMeta": {
        "bufferutil": {
          "optional": true
        },
        "utf-8-validate": {
          "optional": true
        }
      }
    }
  }
}
